<?xml version="1.0" encoding="utf-8"?>
<Project ToolsVersion="4.0" xmlns="http://schemas.microsoft.com/developer/msbuild/2003">
  <ItemGroup>
    <Filter Include="Source Files">
      <UniqueIdentifier>{4FC737F1-C7A5-4376-A066-2A32D752A2FF}</UniqueIdentifier>
      <Extensions>cpp;c;cc;cxx;def;odl;idl;hpj;bat;asm;asmx</Extensions>
    </Filter>
    <Filter Include="Header Files">
      <UniqueIdentifier>{93995380-89BD-4b04-88EB-625FBE52EBFB}</UniqueIdentifier>
      <Extensions>h;hh;hpp;hxx;hm;inl;inc;xsd</Extensions>
    </Filter>
    <Filter Include="Resource Files">
      <UniqueIdentifier>{67DA6AB6-F800-4c08-8B7A-83BB121AAD01}</UniqueIdentifier>
      <Extensions>rc;ico;cur;bmp;dlg;rc2;rct;bin;rgs;gif;jpg;jpeg;jpe;resx;tiff;tif;png;wav;mfcribbon-ms</Extensions>
    </Filter>
  </ItemGroup>
  <ItemGroup>
    <ClCompile Include="binary_tree.cpp">
      <Filter>Source Files</Filter>
    </ClCompile>
    <ClCompile Include="calendar.cpp">
      <Filter>Source Files</Filter>
    </ClCompile>
    <ClCompile Include="card_game.cpp">
      <Filter>Source Files</Filter>
    </ClCompile>
    <ClCompile Include="character_lines.cpp">
      <Filter>Source Files</Filter>
    </ClCompile>
    <ClCompile Include="Distange.cpp">
      <Filter>Source Files</Filter>
    </ClCompile>
    <ClCompile Include="DoublyLinkedList.cpp">
      <Filter>Source Files</Filter>
    </ClCompile>
    <ClCompile Include="factorial_fibonacci.cpp">
      <Filter>Source Files</Filter>
    </ClCompile>
    <ClCompile Include="greatest common divisor (gcd).cpp">
      <Filter>Source Files</Filter>
    </ClCompile>
    <ClCompile Include="insertionSort.cpp">
      <Filter>Source Files</Filter>
    </ClCompile>
    <ClCompile Include="Matrix.cpp">
      <Filter>Source Files</Filter>
    </ClCompile>
    <ClCompile Include="matrix_diagonale.cpp">
      <Filter>Source Files</Filter>
    </ClCompile>
    <ClCompile Include="matrix_figure.cpp">
      <Filter>Source Files</Filter>
    </ClCompile>
    <ClCompile Include="matrix_figure2.cpp">
      <Filter>Source Files</Filter>
    </ClCompile>
    <ClCompile Include="Matrix1.cpp">
      <Filter>Source Files</Filter>
    </ClCompile>
    <ClCompile Include="Matrix2.cpp">
      <Filter>Source Files</Filter>
    </ClCompile>
    <ClCompile Include="Matrix3.cpp">
      <Filter>Source Files</Filter>
    </ClCompile>
    <ClCompile Include="Matrix4.cpp">
      <Filter>Source Files</Filter>
    </ClCompile>
    <ClCompile Include="Matrix5.cpp">
      <Filter>Source Files</Filter>
    </ClCompile>
    <ClCompile Include="min_odd_number_of_array.cpp">
      <Filter>Source Files</Filter>
    </ClCompile>
    <ClCompile Include="rectangle.cpp">
      <Filter>Source Files</Filter>
    </ClCompile>
    <ClCompile Include="rectangle1.cpp">
      <Filter>Source Files</Filter>
    </ClCompile>
    <ClCompile Include="rectangle2.cpp">
      <Filter>Source Files</Filter>
    </ClCompile>
    <ClCompile Include="selectSort.cpp">
      <Filter>Source Files</Filter>
    </ClCompile>
    <ClCompile Include="ShortSort.cpp">
      <Filter>Source Files</Filter>
    </ClCompile>
    <ClCompile Include="smart_pointer.cpp">
      <Filter>Source Files</Filter>
    </ClCompile>
    <ClCompile Include="smart_poiter(shared, weak).cpp">
      <Filter>Source Files</Filter>
    </ClCompile>
    <ClCompile Include="String operations.cpp">
      <Filter>Source Files</Filter>
    </ClCompile>
    <ClCompile Include="string.cpp">
      <Filter>Source Files</Filter>
    </ClCompile>
    <ClCompile Include="sum_of_numbers.cpp">
      <Filter>Source Files</Filter>
    </ClCompile>
    <ClCompile Include="Table.cpp">
      <Filter>Source Files</Filter>
    </ClCompile>
    <ClCompile Include="Time.cpp">
      <Filter>Source Files</Filter>
    </ClCompile>
    <ClCompile Include="Time1.cpp">
      <Filter>Source Files</Filter>
    </ClCompile>
    <ClCompile Include="Двухсвязный список.cpp">
      <Filter>Source Files</Filter>
    </ClCompile>
    <ClCompile Include="Сoordinates of circle`s center.cpp">
      <Filter>Source Files</Filter>
    </ClCompile>
  </ItemGroup>
  <ItemGroup>
    <ClInclude Include="cdarray.h">
      <Filter>Header Files</Filter>
    </ClInclude>
    <ClInclude Include="MyVector.hpp">
      <Filter>Header Files</Filter>
    </ClInclude>
  </ItemGroup>
</Project>